
Microsoft Visual Studio Solution File, Format Version 12.00
# Visual Studio 15
VisualStudioVersion = 15.0.28307.1913
MinimumVisualStudioVersion = 10.0.40219.1
Project("{FAE04EC0-301F-11D3-BF4B-00C04F79EFBC}") = "NUMAR-PRIM", "NUMAR-PRIM\NUMAR-PRIM.csproj", "{80EC01D9-9631-430C-BFA9-3A8E952DF6C1}"
EndProject
Global
	GlobalSection(SolutionConfigurationPlatforms) = preSolution
		Debug|Any CPU = Debug|Any CPU
		Release|Any CPU = Release|Any CPU
	EndGlobalSection
	GlobalSection(ProjectConfigurationPlatforms) = postSolution
		{80EC01D9-9631-430C-BFA9-3A8E952DF6C1}.Debug|Any CPU.ActiveCfg = Debug|Any CPU
		{80EC01D9-9631-430C-BFA9-3A8E952DF6C1}.Debug|Any CPU.Build.0 = Debug|Any CPU
		{80EC01D9-9631-430C-BFA9-3A8E952DF6C1}.Release|Any CPU.ActiveCfg = Release|Any CPU
		{80EC01D9-9631-430C-BFA9-3A8E952DF6C1}.Release|Any CPU.Build.0 = Release|Any CPU
	EndGlobalSection
	GlobalSection(SolutionProperties) = preSolution
		HideSolutionNode = FALSE
	EndGlobalSection
	GlobalSection(ExtensibilityGlobals) = postSolution
		SolutionGuid = {A2100015-55F4-4025-B74B-4DA6C3197EE2}
	EndGlobalSection
EndGlobal
